
Microsoft Visual Studio Solution File, Format Version 12.00
# Visual Studio Version 17
VisualStudioVersion = 17.11.35222.181
MinimumVisualStudioVersion = 10.0.40219.1
Project("{9A19103F-16F7-4668-BE54-9A1E7A4F7556}") = "ESFE AGAPE BODEGA.API", "ESFE AGAPE BODEGA.API\ESFE AGAPE BODEGA.API.csproj", "{715A14DF-F2FE-4770-A5D9-2168215C4EEE}"
EndProject
Project("{9A19103F-16F7-4668-BE54-9A1E7A4F7556}") = "ESFE AGAPE BODEGA.DTOs", "ESFE AGAPE BODEGA.DTOs\ESFE AGAPE BODEGA.DTOs.csproj", "{A52FC6BB-A7C3-4A3F-80B3-EF0D3252CB75}"
EndProject
Project("{9A19103F-16F7-4668-BE54-9A1E7A4F7556}") = "ESFE AGAPE BODEGA.BlazorWebAssembly", "ESFE AGAPE BODEGA.BlazorWebAssembly\ESFE AGAPE BODEGA.BlazorWebAssembly.csproj", "{ED49EC49-7DDC-4CFC-85C9-21A115436D5A}"
EndProject
Global
	GlobalSection(SolutionConfigurationPlatforms) = preSolution
		Debug|Any CPU = Debug|Any CPU
		Release|Any CPU = Release|Any CPU
	EndGlobalSection
	GlobalSection(ProjectConfigurationPlatforms) = postSolution
		{715A14DF-F2FE-4770-A5D9-2168215C4EEE}.Debug|Any CPU.ActiveCfg = Debug|Any CPU
		{715A14DF-F2FE-4770-A5D9-2168215C4EEE}.Debug|Any CPU.Build.0 = Debug|Any CPU
		{715A14DF-F2FE-4770-A5D9-2168215C4EEE}.Release|Any CPU.ActiveCfg = Release|Any CPU
		{715A14DF-F2FE-4770-A5D9-2168215C4EEE}.Release|Any CPU.Build.0 = Release|Any CPU
		{A52FC6BB-A7C3-4A3F-80B3-EF0D3252CB75}.Debug|Any CPU.ActiveCfg = Debug|Any CPU
		{A52FC6BB-A7C3-4A3F-80B3-EF0D3252CB75}.Debug|Any CPU.Build.0 = Debug|Any CPU
		{A52FC6BB-A7C3-4A3F-80B3-EF0D3252CB75}.Release|Any CPU.ActiveCfg = Release|Any CPU
		{A52FC6BB-A7C3-4A3F-80B3-EF0D3252CB75}.Release|Any CPU.Build.0 = Release|Any CPU
		{ED49EC49-7DDC-4CFC-85C9-21A115436D5A}.Debug|Any CPU.ActiveCfg = Debug|Any CPU
		{ED49EC49-7DDC-4CFC-85C9-21A115436D5A}.Debug|Any CPU.Build.0 = Debug|Any CPU
		{ED49EC49-7DDC-4CFC-85C9-21A115436D5A}.Release|Any CPU.ActiveCfg = Release|Any CPU
		{ED49EC49-7DDC-4CFC-85C9-21A115436D5A}.Release|Any CPU.Build.0 = Release|Any CPU
	EndGlobalSection
	GlobalSection(SolutionProperties) = preSolution
		HideSolutionNode = FALSE
	EndGlobalSection
	GlobalSection(ExtensibilityGlobals) = postSolution
		SolutionGuid = {63BD0039-38B6-4481-A25F-C4D314BE08F7}
	EndGlobalSection
EndGlobal
